# THIS IS AN AUTOGENERATED FILE. DO NOT EDIT THIS FILE DIRECTLY.
# yarn lockfile v1


"@artdeco/clean-stack@^1.1.1":
  version "1.1.1"
  resolved "https://registry.yarnpkg.com/@artdeco/clean-stack/-/clean-stack-1.1.1.tgz#0a68b9a061b5076ebaf948c150ea26d09c1e753f"
  integrity sha512-q5lO3vGUo0WgkSqzgzjL0HQdA9t2HzQqZISuVuQWMh9xqLuiLFP/ZTsxFc8vpMl7mNpGk7Mm0OeyFQ+Evrp0Cw==

"@contexts/http@^1.6.1":
  version "1.6.1"
  resolved "https://registry.yarnpkg.com/@contexts/http/-/http-1.6.1.tgz#e9fd838dca747c37cb04ae64503cf5e8fb945461"
  integrity sha512-OzDCOMiR7z8GJBQQAMY+c9bJWjzzkECI+heajxckTM/Z9D/2WuVUN6KvVbSzqbcrGxI+QmLwUKXTF7iLr4jaPw==
  dependencies:
    "@artdeco/clean-stack" "^1.1.1"
    "@multipart/form" "^1.1.0"
    "@rqt/aqt" "^1.3.0"
    "@zoroaster/deep-equal" "^1.0.1"
    erotic "^2.1.1"
    erte "^1.2.0"
    mismatch "^1.2.0"

"@depack/nodejs@^1.1.4":
  version "1.1.4"
  resolved "https://registry.yarnpkg.com/@depack/nodejs/-/nodejs-1.1.4.tgz#36195f33fef7a6b9b1f93a043a52a87fac087729"
  integrity sha512-vtmNtylOPNjFkQHOgC1M8Ru9c211FgtD3sG3KGS9dvlcHDUAiNoJ52gVwOep5Tkp0I4qmwPx3oyTV6OwKchmlg==

"@externs/nodejs@^1.5.0":
  version "1.5.0"
  resolved "https://registry.yarnpkg.com/@externs/nodejs/-/nodejs-1.5.0.tgz#88ff9e7a03c53d19101ee49768e598ff0f39c9ad"
  integrity sha512-2J+FRDjGfKKldTQ5YqLmhQ04/sA9swTQ6OTtPzo4xhg41u1+eiufciXiqW6u3UXEcmm413a27NakgnLbzfp0wQ==

"@goa/accepts@^2.0.1":
  version "2.0.1"
  resolved "https://registry.yarnpkg.com/@goa/accepts/-/accepts-2.0.1.tgz#f1a1bdff577084343a08877caf247bd6c6f22984"
  integrity sha512-1uypKCOBKuGwXjUMGnMcyrl4toBzhgiKC3WqrBSrwK+FYboeYfAuvsbklits4STWxjeEoNdCNEu+yPIt6QfLGg==
  dependencies:
    mime-db "^1.42.0"

"@goa/compose@^1.0.0":
  version "1.0.0"
  resolved "https://registry.yarnpkg.com/@goa/compose/-/compose-1.0.0.tgz#3672a32269bec4bf061c8dd50a7ab22872c156c3"
  integrity sha512-NdFS/ijCZ4e1WSHZLsQq5CbUHvkK6a20tx2wfNJS2hw55o8iYpmFDGTSgDnQwj09/Lxy5Kj8R5TNq9+leK41xA==

"@goa/content-type@^1.0.1":
  version "1.0.1"
  resolved "https://registry.yarnpkg.com/@goa/content-type/-/content-type-1.0.1.tgz#c5df9764f4263b31b5462822a3da54c15b28d526"
  integrity sha512-GhVWCLHWK27arlztGHwNjqn+PksXYHeEsUy2GwyhWP1YNDT/U6ps+ltzJTAUgRQhIZIRVBJ5rf9mInbfHkankw==

"@goa/cookies@^2.0.1":
  version "2.0.1"
  resolved "https://registry.yarnpkg.com/@goa/cookies/-/cookies-2.0.1.tgz#aad46842c8576032e8343070dd593d44391e6181"
  integrity sha512-nQWDDhwqIlR41RDH1nG4/UQE8yyIWPWTp14PFb8NTHkAT4HDa8BEvkITiLxwd8dp/7yr99+G8/2fTf/ItQbW9Q==

"@goa/http-errors@^1.0.0":
  version "1.0.0"
  resolved "https://registry.yarnpkg.com/@goa/http-errors/-/http-errors-1.0.0.tgz#bf79e339165823d81f2871b75a13379ed2b0462b"
  integrity sha512-R1P3JyTKALOm7rlUsDYgDKy5NeE9Y0UjII45xGajDCMOY7PjOtvKcPcxcYiA6fXYnFyEQqBq/BGf4/7dSfA6Eg==

"@goa/is-generator-function@^1.0.2":
  version "1.0.2"
  resolved "https://registry.yarnpkg.com/@goa/is-generator-function/-/is-generator-function-1.0.2.tgz#f001b3bdb4b39330fee3afe534dea1fd78a73b2d"
  integrity sha512-Vo5IS92aTbygksryZuETbn2dfjRKWqJfyUDaxUyi4oL5Vyv6asJLNVkEK0aZp+1A+ORTFA8+p26x6zte02YL7A==

"@goa/mime-types@^1.1.0":
  version "1.1.0"
  resolved "https://registry.yarnpkg.com/@goa/mime-types/-/mime-types-1.1.0.tgz#35b5c0e43e4e748dce71dd0aded4437e95e32a68"
  integrity sha512-BC3LWDvpAJOp7NnN1JLA5ZaDoX/6BdiFDmW9r+/nZiwF5V2/VCfeWvNCWB9pT16proMAh5WPk5kSvEWNR4G0Kw==
  dependencies:
    mime-db "^1.40.0"

"@goa/negotiator@^1.0.1":
  version "1.0.1"
  resolved "https://registry.yarnpkg.com/@goa/negotiator/-/negotiator-1.0.1.tgz#d0b0dccfafc4dc4a990ae92a65c4faedfbe884f7"
  integrity sha512-Hzu2cXJBI5/WKb+9nuLRfefLcRWUlgWTlWHaZbtrM/7BHQHQIX4FJWNzywQARmWDl9g8hoHdeWw58SPcx5ET4Q==

"@goa/statuses@^1.0.1":
  version "1.0.1"
  resolved "https://registry.yarnpkg.com/@goa/statuses/-/statuses-1.0.1.tgz#1ac83df2fbabb4b357e9f8bd7c5638dd1f21b27f"
  integrity sha512-gBhnn5XnasK9Vb4Diy0r71qU2LXpyx6ewsG4da/rxeY8N4xUTS78w1RS+KcdetBGBB2yYkdxblXyV4AwT1q+IA==

"@goa/type-is@^1.0.2":
  version "1.0.2"
  resolved "https://registry.yarnpkg.com/@goa/type-is/-/type-is-1.0.2.tgz#90df59329db41c5f677d4e7ca1620765fd31335d"
  integrity sha512-OzQBeFqkBp9tSyOqVl9BD9O+Fe/1AEso5YiXEEyNGxGpc+DIfDA7ZNQvCGvjJxHjym07fyrJ/UgNi60D1x9k0A==
  dependencies:
    mime-db "^1.40.0"

"@goa/vary@^1.0.0":
  version "1.0.0"
  resolved "https://registry.yarnpkg.com/@goa/vary/-/vary-1.0.0.tgz#0170115ee3b61d836bc4013f9a03794690e2fbe5"
  integrity sha512-fAw4rn1efsYkUQzW6twcris/sLfLxZG1jSWrsyVjbso+VDE1/0+lwSo34o0uOPnxwgv6Jg5YDcc1+9NppUl5nA==

"@idio/debug@^1.2.3":
  version "1.2.3"
  resolved "https://registry.yarnpkg.com/@idio/debug/-/debug-1.2.3.tgz#ff002ec176bf45782aca7f70adcdde650fcb2a04"
  integrity sha512-MalXJDXpDY7p8oNlKqQTmk6d5Q5WTeT18HqvySj4byU0BX2G7KX+IISUMH7uLdYv9y/usKU+uZO+5n2v41/kqw==

"@multipart/form@^1.1.0":
  version "1.1.0"
  resolved "https://registry.yarnpkg.com/@multipart/form/-/form-1.1.0.tgz#15d16e113565f9c157a636e0bf439dbae6b34a46"
  integrity sha512-CiymdHyaOFbEBsB0+dNXK9vJxWuBXV6X9mXeAhtfjREDE8R3v/VwpdtTawWf9Vev6HCdKz1xDyw0gC7d9CAZlQ==

"@rqt/aqt@^1.3.0":
  version "1.3.0"
  resolved "https://registry.yarnpkg.com/@rqt/aqt/-/aqt-1.3.0.tgz#06472f50f85ab8e2a391db5b92c43ee726a8a844"
  integrity sha512-Ux0ygtQqaJE2bLuxw4J/mJpPyJGtLs1AdEdi/5FUG59CHwHiDWEsrldF4kxsJNFyWkWYT6Fe/zNTKnzv6KFREQ==

"@typedefs/goa@^0.1.2":
  version "0.1.2"
  resolved "https://registry.yarnpkg.com/@typedefs/goa/-/goa-0.1.2.tgz#3c887c38b00705c64070be2c05baa4f3f51ccb6e"
  integrity sha512-HwAR1lRPBOGUD9LQmGy1MTXlQsjPHpkvlsvB70Hr12WSLbo1ktlAKqK188zqkO4B22iwdN4scNXpxt18gcsF9w==

"@zoroaster/assert@^1.0.2":
  version "1.0.2"
  resolved "https://registry.yarnpkg.com/@zoroaster/assert/-/assert-1.0.2.tgz#8ffe2ebb10c81d570d4965080f942af688321a1f"
  integrity sha512-5C0LDzW8DkiSSCLyYO9ux3R5ru65yEn/GtxH1wh7ukRhLAZ/Svx4+A81YvciXcn35B2VmvCqyiTrhNdxdgusSw==

"@zoroaster/deep-equal@^1.0.1":
  version "1.0.1"
  resolved "https://registry.yarnpkg.com/@zoroaster/deep-equal/-/deep-equal-1.0.1.tgz#7f7b72f59e54807ee23ea88e60f99165f10ca876"
  integrity sha512-Nc8v2oW+Xtw/49SbgloPkln1v/H7D4fr7HGdgKr4rpdggk8pZRF2vNLaugm6OhiKhb0OuO/gHuk8o5qjH+strA==
  dependencies:
    differently "^1.0.0"

"@zoroaster/mask@^2.2.0":
  version "2.3.0"
  resolved "https://registry.yarnpkg.com/@zoroaster/mask/-/mask-2.3.0.tgz#57d169417e09e481efafccbffdd93cef919ec5e6"
  integrity sha512-fufal06pS/SYhOKHCmoFQ+PjhQwsCwMr2h0D2xeiVaXstaWHJVEiLg4+BU/KCmOOzLXLKikf81ca4zFXip7ScQ==

alamode@^3.0.0, alamode@^3.3.0:
  version "3.3.0"
  resolved "https://registry.yarnpkg.com/alamode/-/alamode-3.3.0.tgz#5a73ebb8eae847934f747d67c2680698061b7bbe"
  integrity sha512-/Xi0rZ0HAyobAIi8DJQMeFF3kRrr15PGuYRwvxmQaOqSO3WJgXOsmhL6sZQuvD/okZztzujMxMA+21WOD2rYyQ==

depack@^1.0.1:
  version "1.0.1"
  resolved "https://registry.yarnpkg.com/depack/-/depack-1.0.1.tgz#4b3c2a9bff91cf31466d148101336a8329db7f09"
  integrity sha512-W1etv1UIcdoRDqN8JzwcD8T1ZUylbppmqMQulu54YMoTSMAVmqcp8lnR17og8RtvHFlI41qpi58SMgnU3C6hPQ==
  dependencies:
    "@depack/nodejs" "^1.1.4"
    "@externs/nodejs" "^1.5.0"

differently@^1.0.0:
  version "1.0.1"
  resolved "https://registry.yarnpkg.com/differently/-/differently-1.0.1.tgz#1a5c158fd98c686f9310a05899a59ac1a4bd6d08"
  integrity sha512-J19iW+g47ww6ReGwZrthgeHQlKLN02zHAXPwG21BHCi8G03qv1G9YGrqYDmwws9uvtKRBY9b91DhJ4VbfWFNQQ==
  dependencies:
    erte "^1.2.0"

documentary@^1.35.3:
  version "1.35.3"
  resolved "https://registry.yarnpkg.com/documentary/-/documentary-1.35.3.tgz#9ac599f3f33cc7520d8092ed3ae9c0681c46903b"
  integrity sha512-IGkDlWdTwE0PRvNl9uTteYloocoar/cRw1UHlkTzuc00AxcKdrUgA6SYZALW7dnYIjCsn49tfSqdcQB/x7JcCQ==
  dependencies:
    alamode "^3.3.0"
    preact "8.5.3"
    typal "^1.24.17"

erotic@^2.1.1:
  version "2.1.1"
  resolved "https://registry.yarnpkg.com/erotic/-/erotic-2.1.1.tgz#97f20c2d6e7fd2ec6f7996823009d3ac8ae7157f"
  integrity sha512-S1ns+uibigdXxxzqiO5VNZw3d0YNrVb4jZ7OUAklO4722/ytp+nta6txsUhYmnIEI0TF7jjXNjGvcmw0I/Rs7A==
  dependencies:
    "@artdeco/clean-stack" "^1.1.1"

erte@^1.2.0:
  version "1.2.0"
  resolved "https://registry.yarnpkg.com/erte/-/erte-1.2.0.tgz#8b7dbf6ad822d96f071947d20d5f440623f10769"
  integrity sha512-saxyNviRCvFENCyZ66O58cY8icaraVeQOgGks6ujsBeS7zf3yyjXrhyfMpERZo7SJH1KKdXcSQqgemxW6eIpjA==

eslint-config-artdeco@1.0.1:
  version "1.0.1"
  resolved "https://registry.yarnpkg.com/eslint-config-artdeco/-/eslint-config-artdeco-1.0.1.tgz#4451c9d0ed1ce4d33dfd43a6315f12c8bfb04274"
  integrity sha1-RFHJ0O0c5NM9/UOmMV8SyL+wQnQ=

mime-db@^1.40.0, mime-db@^1.42.0:
  version "1.42.0"
  resolved "https://registry.yarnpkg.com/mime-db/-/mime-db-1.42.0.tgz#3e252907b4c7adb906597b4b65636272cf9e7bac"
  integrity sha512-UbfJCR4UAVRNgMpfImz05smAXK7+c+ZntjaA26ANtkXLlOe947Aag5zdIcKQULAiF9Cq4WxBi9jUs5zkA84bYQ==

mismatch@^1.2.0:
  version "1.2.0"
  resolved "https://registry.yarnpkg.com/mismatch/-/mismatch-1.2.0.tgz#3f5021861e8084e36a14c2c1f9489941cd18f790"
  integrity sha512-kuw1k8ZHS+12fBVAVOBXMBJBXcNGnByFTJIDzH4W4v84OocejZ/qzxmT4ll9CLX5OD23NXr+NvrQDus0BsQ8xw==

preact@8.5.3:
  version "8.5.3"
  resolved "https://registry.yarnpkg.com/preact/-/preact-8.5.3.tgz#78c2a5562fcecb1fed1d0055fa4ac1e27bde17c1"
  integrity sha512-O3kKP+1YdgqHOFsZF2a9JVdtqD+RPzCQc3rP+Ualf7V6rmRDchZ9MJbiGTT7LuyqFKZqlHSOyO/oMFmI2lVTsw==

typal@^1.24.17:
  version "1.24.17"
  resolved "https://registry.yarnpkg.com/typal/-/typal-1.24.17.tgz#0bb301ad8be4a8076f59527f167622a17b15f4d8"
  integrity sha512-8qPwL4uPqRBAmHkGz0DIoWbCswykXo9kjz4urajEz7G7GsT2p6KNCiAqk+mJ+1MhNsO9yW9U1zSVS7TvSj3B3g==

yarn-s@1.2.1:
  version "1.2.1"
  resolved "https://registry.yarnpkg.com/yarn-s/-/yarn-s-1.2.1.tgz#3749ffbbb1ba1b0d40db07d81d4bb536cc635c3f"
  integrity sha512-9qnU+hBV/mDJHB//1psEH786C1LEdr8AdXhMMiSh26io0GW0tHy4DEhstgaWlR8gzKF8FMgpoYsDtQdtSAY+8Q==

zoroaster@^4.1.2:
  version "4.1.2"
  resolved "https://registry.yarnpkg.com/zoroaster/-/zoroaster-4.1.2.tgz#89e033cdeebf75564713436bd7e72af926e800fb"
  integrity sha512-mE5RlV12h5bEZ4LBX0NsR5NEwNicLR6kdwXMijWD8vH+8JmbtXuC664ndzsw46lnhmn2VWlafyBi5k/MMCmftA==
  dependencies:
    "@zoroaster/assert" "^1.0.2"
    "@zoroaster/mask" "^2.2.0"
    alamode "^3.0.0"
